{
  "object": {
    "pins": [
      {
        "package": "Files",
        "repositoryURL": "https://github.com/JohnSundell/Files",
        "state": {
          "branch": null,
          "revision": "d273b5b7025d386feef79ef6bad7de762e106eaf",
          "version": "4.2.0"
        }
      },
      {
        "package": "swift-argument-parser",
        "repositoryURL": "https://github.com/apple/swift-argument-parser",
        "state": {
          "branch": null,
          "revision": "e1465042f195f374b94f915ba8ca49de24300a0d",
          "version": "1.0.2"
        }
      },
      {
        "package": "swift-format",
        "repositoryURL": "https://github.com/apple/swift-format.git",
        "state": {
          "branch": "swift-5.5-branch",
          "revision": "f872223e16742fd97fabd319fbf4a939230cc796",
          "version": null
        }
      },
      {
        "package": "SwiftSyntax",
        "repositoryURL": "https://github.com/apple/swift-syntax",
        "state": {
          "branch": null,
          "revision": "75e60475d9d8fd5bbc16a12e0eaa2cb01b0c322e",
          "version": "0.50500.0"
        }
      },
      {
        "package": "Version",
        "repositoryURL": "https://github.com/mrackwitz/Version.git",
        "state": {
          "branch": null,
          "revision": "fd4b0eb5756aa7f1c33977fb626cf37d2140a3a0",
          "version": "0.8.0"
        }
      },
      {
        "package": "Yams",
        "repositoryURL": "https://github.com/jpsim/Yams.git",
        "state": {
          "branch": null,
          "revision": "9ff1cc9327586db4e0c8f46f064b6a82ec1566fa",
          "version": "4.0.6"
        }
      }
    ]
  },
  "version": 1
}
